
Microsoft Visual Studio Solution File, Format Version 12.00
# Visual Studio Version 17
VisualStudioVersion = 17.7.34031.279
MinimumVisualStudioVersion = 10.0.40219.1
Project("{9A19103F-16F7-4668-BE54-9A1E7A4F7556}") = "FitWorld", "FitWord\FitWorld.csproj", "{091EEEA3-E20B-4E5C-8DB2-36F44410A307}"
EndProject
Project("{FAE04EC0-301F-11D3-BF4B-00C04F79EFBC}") = "FitWorld.Models", "FitWorld.Models\FitWorld.Models.csproj", "{1F62D8E6-9CE5-4002-AA2E-F31CECC257AA}"
EndProject
Project("{FAE04EC0-301F-11D3-BF4B-00C04F79EFBC}") = "FitWorld.Database", "FitWorld.Database\FitWorld.Database.csproj", "{EF2E31FA-34ED-4851-8C6C-3100AF5B3E40}"
EndProject
Global
	GlobalSection(SolutionConfigurationPlatforms) = preSolution
		Debug|Any CPU = Debug|Any CPU
		Release|Any CPU = Release|Any CPU
	EndGlobalSection
	GlobalSection(ProjectConfigurationPlatforms) = postSolution
		{091EEEA3-E20B-4E5C-8DB2-36F44410A307}.Debug|Any CPU.ActiveCfg = Debug|Any CPU
		{091EEEA3-E20B-4E5C-8DB2-36F44410A307}.Debug|Any CPU.Build.0 = Debug|Any CPU
		{091EEEA3-E20B-4E5C-8DB2-36F44410A307}.Release|Any CPU.ActiveCfg = Release|Any CPU
		{091EEEA3-E20B-4E5C-8DB2-36F44410A307}.Release|Any CPU.Build.0 = Release|Any CPU
		{1F62D8E6-9CE5-4002-AA2E-F31CECC257AA}.Debug|Any CPU.ActiveCfg = Debug|Any CPU
		{1F62D8E6-9CE5-4002-AA2E-F31CECC257AA}.Debug|Any CPU.Build.0 = Debug|Any CPU
		{1F62D8E6-9CE5-4002-AA2E-F31CECC257AA}.Release|Any CPU.ActiveCfg = Release|Any CPU
		{1F62D8E6-9CE5-4002-AA2E-F31CECC257AA}.Release|Any CPU.Build.0 = Release|Any CPU
		{EF2E31FA-34ED-4851-8C6C-3100AF5B3E40}.Debug|Any CPU.ActiveCfg = Debug|Any CPU
		{EF2E31FA-34ED-4851-8C6C-3100AF5B3E40}.Debug|Any CPU.Build.0 = Debug|Any CPU
		{EF2E31FA-34ED-4851-8C6C-3100AF5B3E40}.Release|Any CPU.ActiveCfg = Release|Any CPU
		{EF2E31FA-34ED-4851-8C6C-3100AF5B3E40}.Release|Any CPU.Build.0 = Release|Any CPU
	EndGlobalSection
	GlobalSection(SolutionProperties) = preSolution
		HideSolutionNode = FALSE
	EndGlobalSection
	GlobalSection(ExtensibilityGlobals) = postSolution
		SolutionGuid = {13F9A962-D1F9-410F-BBD7-FCA8E31023B3}
	EndGlobalSection
EndGlobal
